
Microsoft Visual Studio Solution File, Format Version 12.00
# Visual Studio Version 17
VisualStudioVersion = 17.0.31903.59
MinimumVisualStudioVersion = 10.0.40219.1
Project("{8BC9CEB8-8B4A-11D0-8D11-00A0C91BC942}") = "IPZ", "IPZ\IPZ.vcxproj", "{9FC82A7F-C588-48A5-9D77-589DF4CEF9BE}"
EndProject
Global
	GlobalSection(SolutionConfigurationPlatforms) = preSolution
		Debug|x64 = Debug|x64
		Debug|x86 = Debug|x86
		Release|x64 = Release|x64
		Release|x86 = Release|x86
	EndGlobalSection
	GlobalSection(ProjectConfigurationPlatforms) = postSolution
		{9FC82A7F-C588-48A5-9D77-589DF4CEF9BE}.Debug|x64.ActiveCfg = Debug|x64
		{9FC82A7F-C588-48A5-9D77-589DF4CEF9BE}.Debug|x64.Build.0 = Debug|x64
		{9FC82A7F-C588-48A5-9D77-589DF4CEF9BE}.Debug|x86.ActiveCfg = Debug|Win32
		{9FC82A7F-C588-48A5-9D77-589DF4CEF9BE}.Debug|x86.Build.0 = Debug|Win32
		{9FC82A7F-C588-48A5-9D77-589DF4CEF9BE}.Release|x64.ActiveCfg = Release|x64
		{9FC82A7F-C588-48A5-9D77-589DF4CEF9BE}.Release|x64.Build.0 = Release|x64
		{9FC82A7F-C588-48A5-9D77-589DF4CEF9BE}.Release|x86.ActiveCfg = Release|Win32
		{9FC82A7F-C588-48A5-9D77-589DF4CEF9BE}.Release|x86.Build.0 = Release|Win32
	EndGlobalSection
	GlobalSection(SolutionProperties) = preSolution
		HideSolutionNode = FALSE
	EndGlobalSection
	GlobalSection(ExtensibilityGlobals) = postSolution
		SolutionGuid = {B92669E1-2E0D-44D9-9738-D91FDE9A7767}
	EndGlobalSection
EndGlobal
