<?xml version="1.0" encoding="utf-8"?>
<Project ToolsVersion="4.0" xmlns="http://schemas.microsoft.com/developer/msbuild/2003">
  <ItemGroup>
    <ClCompile Include="Basic Classes\CarHolder.cpp" />
    <ClCompile Include="Basic Classes\Cell.cpp" />
    <ClCompile Include="Basic Classes\Crossing.cpp" />
    <ClCompile Include="Basic Classes\CrossingInput.cpp" />
    <ClCompile Include="Basic Classes\DataSaving.cpp" />
    <ClCompile Include="Basic Classes\Generator.cpp" />
    <ClCompile Include="Basic Classes\Map.cpp" />
    <ClCompile Include="Basic Classes\MovePrediction.cpp" />
    <ClCompile Include="Basic Classes\Observer.cpp" />
    <ClCompile Include="Basic Classes\Road.cpp" />
    <ClCompile Include="Basic Classes\RoadCell.cpp" />
    <ClCompile Include="Basic Classes\Simulation.cpp" />
    <ClCompile Include="Basic Classes\Statistics.cpp" />
    <ClCompile Include="Basic Classes\TrafficLights.cpp" />
    <ClCompile Include="Basic Classes\Vehicle.cpp" />
    <ClCompile Include="Functionality\DensityPlotGenerator.cpp" />
    <ClCompile Include="Functionality\StatisticsGenerator.cpp" />
    <ClCompile Include="Gui\SimulationWindow.cpp" />
    <ClCompile Include="Main.cpp" />
  </ItemGroup>
  <ItemGroup>
    <ClInclude Include="Basic Classes\Artifacts\Destructor.h" />
    <ClInclude Include="Basic Classes\Artifacts\Teleporter.h" />
    <ClInclude Include="Basic Classes\CarHolder.h" />
    <ClInclude Include="Basic Classes\Cell.h" />
    <ClInclude Include="Basic Classes\Crossing.h" />
    <ClInclude Include="Basic Classes\CrossingInput.h" />
    <ClInclude Include="Basic Classes\DataSaving.h" />
    <ClInclude Include="Basic Classes\Generator.h" />
    <ClInclude Include="Basic Classes\Map.h" />
    <ClInclude Include="Basic Classes\MovePrediction.h" />
    <ClInclude Include="Basic Classes\Observer.h" />
    <ClInclude Include="Basic Classes\Road.h" />
    <ClInclude Include="Basic Classes\RoadCell.h" />
    <ClInclude Include="Basic Classes\Simulation.h" />
    <ClInclude Include="Basic Classes\Statistics.h" />
    <ClInclude Include="Basic Classes\TrafficLights.h" />
    <ClInclude Include="Basic Classes\Vehicle.h" />
    <ClInclude Include="Functionality\DensityPlotGenerator.h" />
    <ClInclude Include="Functionality\StatisticsGenerator.h" />
    <ClInclude Include="Gui\SimulationWindow.h" />
    <ClInclude Include="Libraries\gnuplot-iostream.h" />
  </ItemGroup>
  <ItemGroup>
    <None Include="..\.gitignore" />
    <None Include="..\README.md" />
    <None Include="Functionality\DensityPlot.gnuplot" />
  </ItemGroup>
</Project>