<?xml version="1.0" encoding="utf-8"?>
<Project ToolsVersion="4.0" xmlns="http://schemas.microsoft.com/developer/msbuild/2003">
  <ItemGroup>
    <Filter Include="Source Files">
      <UniqueIdentifier>{4FC737F1-C7A5-4376-A066-2A32D752A2FF}</UniqueIdentifier>
      <Extensions>cpp;c;cc;cxx;c++;cppm;ixx;def;odl;idl;hpj;bat;asm;asmx</Extensions>
    </Filter>
    <Filter Include="Header Files">
      <UniqueIdentifier>{93995380-89BD-4b04-88EB-625FBE52EBFB}</UniqueIdentifier>
      <Extensions>h;hh;hpp;hxx;h++;hm;inl;inc;ipp;xsd</Extensions>
    </Filter>
    <Filter Include="Resource Files">
      <UniqueIdentifier>{67DA6AB6-F800-4c08-8B7A-83BB121AAD01}</UniqueIdentifier>
      <Extensions>rc;ico;cur;bmp;dlg;rc2;rct;bin;rgs;gif;jpg;jpeg;jpe;resx;tiff;tif;png;wav;mfcribbon-ms</Extensions>
    </Filter>
    <Filter Include="Project Files">
      <UniqueIdentifier>{06982260-1816-445a-9024-6fd6deb71e40}</UniqueIdentifier>
    </Filter>
    <Filter Include="Header Files\Basic Classes">
      <UniqueIdentifier>{f8c96fa9-e29c-4c6b-8fd3-4cdff1408b9d}</UniqueIdentifier>
    </Filter>
    <Filter Include="Header Files\Artifacts">
      <UniqueIdentifier>{f0143dc1-00e0-425c-9a7a-9d225820ae31}</UniqueIdentifier>
    </Filter>
    <Filter Include="Header Files\Libraries">
      <UniqueIdentifier>{2df8bda9-955f-47a6-966c-c8da46fa5deb}</UniqueIdentifier>
    </Filter>
    <Filter Include="Header Files\Functionality">
      <UniqueIdentifier>{ee378953-56b6-4507-b8f2-b2a25d099262}</UniqueIdentifier>
    </Filter>
  </ItemGroup>
  <ItemGroup>
    <ClInclude Include="Basic_Classes\Vehicle.h">
      <Filter>Header Files\Basic Classes</Filter>
    </ClInclude>
    <ClInclude Include="Basic_Classes\Road.h">
      <Filter>Header Files\Basic Classes</Filter>
    </ClInclude>
    <ClInclude Include="Basic_Classes\Map.h">
      <Filter>Header Files\Basic Classes</Filter>
    </ClInclude>
    <ClInclude Include="Basic_Classes\Generator.h">
      <Filter>Header Files\Basic Classes</Filter>
    </ClInclude>
    <ClInclude Include="Basic_Classes\Cell.h">
      <Filter>Header Files\Basic Classes</Filter>
    </ClInclude>
    <ClInclude Include="Basic_Classes\artifacts\destructor.h">
      <Filter>Header Files\Artifacts</Filter>
    </ClInclude>
    <ClInclude Include="Basic_Classes\artifacts\teleporter.h">
      <Filter>Header Files\Artifacts</Filter>
    </ClInclude>
    <ClInclude Include="gnuplot-iostream.h">
      <Filter>Header Files\Libraries</Filter>
    </ClInclude>
  </ItemGroup>
  <ItemGroup>
    <ClCompile Include="Main.cpp">
      <Filter>Source Files</Filter>
    </ClCompile>
    <ClCompile Include="Functionality\StatisticsGenerator.cpp">
      <Filter>Header Files\Functionality</Filter>
    </ClCompile>
  </ItemGroup>
  <ItemGroup>
    <None Include="..\README.md">
      <Filter>Project Files</Filter>
    </None>
    <None Include="..\.gitignore">
      <Filter>Project Files</Filter>
    </None>
  </ItemGroup>
</Project>