<?xml version="1.0" encoding="utf-8"?>
<Project ToolsVersion="4.0" xmlns="http://schemas.microsoft.com/developer/msbuild/2003">
  <ItemGroup>
    <Filter Include="Source Files">
      <UniqueIdentifier>{4FC737F1-C7A5-4376-A066-2A32D752A2FF}</UniqueIdentifier>
      <Extensions>cpp;c;cc;cxx;c++;cppm;ixx;def;odl;idl;hpj;bat;asm;asmx</Extensions>
    </Filter>
    <Filter Include="Header Files">
      <UniqueIdentifier>{93995380-89BD-4b04-88EB-625FBE52EBFB}</UniqueIdentifier>
      <Extensions>h;hh;hpp;hxx;h++;hm;inl;inc;ipp;xsd</Extensions>
    </Filter>
    <Filter Include="Resource Files">
      <UniqueIdentifier>{67DA6AB6-F800-4c08-8B7A-83BB121AAD01}</UniqueIdentifier>
      <Extensions>rc;ico;cur;bmp;dlg;rc2;rct;bin;rgs;gif;jpg;jpeg;jpe;resx;tiff;tif;png;wav;mfcribbon-ms</Extensions>
    </Filter>
    <Filter Include="Project Files">
      <UniqueIdentifier>{06982260-1816-445a-9024-6fd6deb71e40}</UniqueIdentifier>
    </Filter>
    <Filter Include="Header Files\Artifacts">
      <UniqueIdentifier>{72a6ee14-2255-40d5-8099-496b6af8b7c6}</UniqueIdentifier>
    </Filter>
    <Filter Include="Header Files\Libraries">
      <UniqueIdentifier>{2df8bda9-955f-47a6-966c-c8da46fa5deb}</UniqueIdentifier>
    </Filter>
    <Filter Include="Header Files\Basic Classes">
      <UniqueIdentifier>{1620c3fa-8ced-4483-9acf-bed5e915549a}</UniqueIdentifier>
    </Filter>
    <Filter Include="Header Files\Functionality">
      <UniqueIdentifier>{8cc33f3c-a50f-441d-bd7d-359d7294efa3}</UniqueIdentifier>
    </Filter>
    <Filter Include="Source Files\Functionality">
      <UniqueIdentifier>{ee378953-56b6-4507-b8f2-b2a25d099262}</UniqueIdentifier>
    </Filter>
    <Filter Include="Source Files\Basic Classes">
      <UniqueIdentifier>{5acf31b4-8afe-4c0f-b559-c802b6f5856a}</UniqueIdentifier>
    </Filter>
    <Filter Include="Non-classified Files">
      <UniqueIdentifier>{45598abc-8dff-4aa6-8c6d-21cd2cb54b65}</UniqueIdentifier>
    </Filter>
    <Filter Include="Non-classified Files\Functionality">
      <UniqueIdentifier>{bbf380da-020b-42e1-9ccf-1643bfc30f3a}</UniqueIdentifier>
    </Filter>
    <Filter Include="Source Files\Gui">
      <UniqueIdentifier>{7609d8f0-e6b1-451c-a404-c713bc9b31bf}</UniqueIdentifier>
    </Filter>
    <Filter Include="Header Files\Gui">
      <UniqueIdentifier>{23410382-9fe4-44a5-939d-d4790d1dc984}</UniqueIdentifier>
    </Filter>
    <Filter Include="Header Files\Models">
      <UniqueIdentifier>{4960d7d8-359b-47aa-8945-6fea322ceab1}</UniqueIdentifier>
    </Filter>
    <Filter Include="Source Files\Models">
      <UniqueIdentifier>{e33c8ce1-89f8-4bdb-aaa9-4769a11b89ff}</UniqueIdentifier>
    </Filter>
  </ItemGroup>
  <ItemGroup>
    <ClInclude Include="Libraries\gnuplot-iostream.h">
      <Filter>Header Files\Libraries</Filter>
    </ClInclude>
    <ClInclude Include="Basic Classes\Artifacts\Destructor.h">
      <Filter>Header Files\Artifacts</Filter>
    </ClInclude>
    <ClInclude Include="Basic Classes\Artifacts\Teleporter.h">
      <Filter>Header Files\Artifacts</Filter>
    </ClInclude>
    <ClInclude Include="Basic Classes\Cell.h">
      <Filter>Header Files\Basic Classes</Filter>
    </ClInclude>
    <ClInclude Include="Basic Classes\Generator.h">
      <Filter>Header Files\Basic Classes</Filter>
    </ClInclude>
    <ClInclude Include="Basic Classes\Map.h">
      <Filter>Header Files\Basic Classes</Filter>
    </ClInclude>
    <ClInclude Include="Basic Classes\Observer.h">
      <Filter>Header Files\Basic Classes</Filter>
    </ClInclude>
    <ClInclude Include="Basic Classes\Road.h">
      <Filter>Header Files\Basic Classes</Filter>
    </ClInclude>
    <ClInclude Include="Basic Classes\Simulation.h">
      <Filter>Header Files\Basic Classes</Filter>
    </ClInclude>
    <ClInclude Include="Basic Classes\Statistics.h">
      <Filter>Header Files\Basic Classes</Filter>
    </ClInclude>
    <ClInclude Include="Basic Classes\Vehicle.h">
      <Filter>Header Files\Basic Classes</Filter>
    </ClInclude>
    <ClInclude Include="Functionality\DensityPlotGenerator.h">
      <Filter>Header Files\Functionality</Filter>
    </ClInclude>
    <ClInclude Include="Functionality\StatisticsGenerator.h">
      <Filter>Header Files\Functionality</Filter>
    </ClInclude>
    <ClInclude Include="Gui\SimulationWindow.h">
      <Filter>Header Files\Gui</Filter>
    </ClInclude>
    <ClInclude Include="Basic Classes\TrafficLights.h">
      <Filter>Header Files\Basic Classes</Filter>
    </ClInclude>
    <ClInclude Include="Basic Classes\BasicCrossingInput.h">
      <Filter>Header Files\Basic Classes</Filter>
    </ClInclude>
    <ClInclude Include="Basic Classes\CarHolder.h">
      <Filter>Header Files\Basic Classes</Filter>
    </ClInclude>
    <ClInclude Include="Basic Classes\Crossing.h">
      <Filter>Header Files\Basic Classes</Filter>
    </ClInclude>
    <ClInclude Include="Basic Classes\Obstacle.h">
      <Filter>Header Files\Basic Classes</Filter>
    </ClInclude>
    <ClInclude Include="Basic Classes\RoadCell.h">
      <Filter>Header Files\Basic Classes</Filter>
    </ClInclude>
    <ClInclude Include="Basic Classes\SmartCrossingInput.h">
      <Filter>Header Files\Basic Classes</Filter>
    </ClInclude>
    <ClInclude Include="Models\RGTrafficLights.h">
      <Filter>Header Files\Models</Filter>
    </ClInclude>
    <ClInclude Include="Models\RGYTrafficLights.h">
      <Filter>Header Files\Models</Filter>
    </ClInclude>
    <ClInclude Include="Models\SmartCrossing.h">
      <Filter>Header Files\Models</Filter>
    </ClInclude>
    <ClInclude Include="Models\BasicCrossing.h">
      <Filter>Header Files\Models</Filter>
    </ClInclude>
    <ClInclude Include="Models\LaneEndsMergeL.h">
      <Filter>Header Files\Models</Filter>
    </ClInclude>
    <ClInclude Include="Models\LaneEndsMergeLR.h">
      <Filter>Header Files\Models</Filter>
    </ClInclude>
    <ClInclude Include="Models\LaneEndsMergeR.h">
      <Filter>Header Files\Models</Filter>
    </ClInclude>
    <ClInclude Include="Gui\Localization.h">
      <Filter>Header Files\Gui</Filter>
    </ClInclude>
    <ClInclude Include="Gui\SmartCrossingLocalization.h">
      <Filter>Header Files\Gui</Filter>
    </ClInclude>
    <ClInclude Include="Gui\BasicCrossingLocalization.h">
      <Filter>Header Files\Gui</Filter>
    </ClInclude>
    <ClInclude Include="Gui\LaneEndsMergeLocalizationLR.h">
      <Filter>Header Files\Gui</Filter>
    </ClInclude>
    <ClInclude Include="Gui\LaneEndsMergeLocalizationR.h">
      <Filter>Header Files\Gui</Filter>
    </ClInclude>
    <ClInclude Include="Gui\LaneEndsMergeLocalizationL.h">
      <Filter>Header Files\Gui</Filter>
    </ClInclude>
    <ClInclude Include="Gui\GeneratorLocalization.h">
      <Filter>Header Files\Gui</Filter>
    </ClInclude>
    <ClInclude Include="Gui\RoadLocalization.h">
      <Filter>Header Files\Gui</Filter>
    </ClInclude>
    <ClInclude Include="Basic Classes\LaneEndsMerge.h">
      <Filter>Header Files\Basic Classes</Filter>
    </ClInclude>
    <ClInclude Include="TrafficSimulationLib.h">
      <Filter>Header Files</Filter>
    </ClInclude>
  </ItemGroup>
  <ItemGroup>
    <ClCompile Include="Functionality\StatisticsGenerator.cpp">
      <Filter>Source Files\Functionality</Filter>
    </ClCompile>
    <ClCompile Include="Basic Classes\Cell.cpp">
      <Filter>Source Files\Basic Classes</Filter>
    </ClCompile>
    <ClCompile Include="Functionality\DensityPlotGenerator.cpp">
      <Filter>Source Files\Functionality</Filter>
    </ClCompile>
    <ClCompile Include="Basic Classes\Generator.cpp">
      <Filter>Source Files\Basic Classes</Filter>
    </ClCompile>
    <ClCompile Include="Basic Classes\Map.cpp">
      <Filter>Source Files\Basic Classes</Filter>
    </ClCompile>
    <ClCompile Include="Basic Classes\Observer.cpp">
      <Filter>Source Files\Basic Classes</Filter>
    </ClCompile>
    <ClCompile Include="Basic Classes\Road.cpp">
      <Filter>Source Files\Basic Classes</Filter>
    </ClCompile>
    <ClCompile Include="Basic Classes\Simulation.cpp">
      <Filter>Source Files\Basic Classes</Filter>
    </ClCompile>
    <ClCompile Include="Basic Classes\Statistics.cpp">
      <Filter>Source Files\Basic Classes</Filter>
    </ClCompile>
    <ClCompile Include="Basic Classes\Vehicle.cpp">
      <Filter>Source Files\Basic Classes</Filter>
    </ClCompile>
    <ClCompile Include="Gui\SimulationWindow.cpp">
      <Filter>Source Files\Gui</Filter>
    </ClCompile>
    <ClCompile Include="Basic Classes\TrafficLights.cpp">
      <Filter>Source Files\Basic Classes</Filter>
    </ClCompile>
    <ClCompile Include="Basic Classes\BasicCrossingInput.cpp">
      <Filter>Source Files\Basic Classes</Filter>
    </ClCompile>
    <ClCompile Include="Basic Classes\CarHolder.cpp">
      <Filter>Source Files\Basic Classes</Filter>
    </ClCompile>
    <ClCompile Include="Basic Classes\Crossing.cpp">
      <Filter>Source Files\Basic Classes</Filter>
    </ClCompile>
    <ClCompile Include="Basic Classes\Obstacle.cpp">
      <Filter>Source Files\Basic Classes</Filter>
    </ClCompile>
    <ClCompile Include="Basic Classes\RoadCell.cpp">
      <Filter>Source Files\Basic Classes</Filter>
    </ClCompile>
    <ClCompile Include="Basic Classes\SmartCrossingInput.cpp">
      <Filter>Source Files\Basic Classes</Filter>
    </ClCompile>
    <ClCompile Include="Models\LaneEndsMergeL.cpp">
      <Filter>Source Files\Models</Filter>
    </ClCompile>
    <ClCompile Include="Models\LaneEndsMergeLR.cpp">
      <Filter>Source Files\Models</Filter>
    </ClCompile>
    <ClCompile Include="Models\LaneEndsMergeR.cpp">
      <Filter>Source Files\Models</Filter>
    </ClCompile>
    <ClCompile Include="Models\RGTrafficLights.cpp">
      <Filter>Source Files\Models</Filter>
    </ClCompile>
    <ClCompile Include="Models\RGYTrafficLights.cpp">
      <Filter>Source Files\Models</Filter>
    </ClCompile>
    <ClCompile Include="Models\SmartCrossing.cpp">
      <Filter>Source Files\Models</Filter>
    </ClCompile>
    <ClCompile Include="Models\BasicCrossing.cpp">
      <Filter>Source Files\Models</Filter>
    </ClCompile>
    <ClCompile Include="Gui\BasicCrossingLocalization.cpp">
      <Filter>Source Files\Gui</Filter>
    </ClCompile>
    <ClCompile Include="Gui\GeneratorLocalization.cpp">
      <Filter>Source Files\Gui</Filter>
    </ClCompile>
    <ClCompile Include="Gui\LaneEndsMergeLocalizationLR.cpp">
      <Filter>Source Files\Gui</Filter>
    </ClCompile>
    <ClCompile Include="Gui\LaneEndsMergeLocalizationL.cpp">
      <Filter>Source Files\Gui</Filter>
    </ClCompile>
    <ClCompile Include="Gui\SmartCrossingLocalization.cpp">
      <Filter>Source Files\Gui</Filter>
    </ClCompile>
    <ClCompile Include="Gui\LaneEndsMergeLocalizationR.cpp">
      <Filter>Source Files\Gui</Filter>
    </ClCompile>
    <ClCompile Include="Gui\Localization.cpp">
      <Filter>Source Files\Gui</Filter>
    </ClCompile>
    <ClCompile Include="Gui\RoadLocalization.cpp">
      <Filter>Source Files\Gui</Filter>
    </ClCompile>
    <ClCompile Include="Basic Classes\LaneEndsMerge.cpp">
      <Filter>Source Files\Basic Classes</Filter>
    </ClCompile>
    <ClCompile Include="Main\main.cpp">
      <Filter>Source Files</Filter>
    </ClCompile>
  </ItemGroup>
  <ItemGroup>
    <None Include="..\README.md">
      <Filter>Project Files</Filter>
    </None>
    <None Include="..\.gitignore">
      <Filter>Project Files</Filter>
    </None>
    <None Include="Functionality\DensityPlot.gnuplot">
      <Filter>Non-classified Files\Functionality</Filter>
    </None>
  </ItemGroup>
</Project>